
Microsoft Visual Studio Solution File, Format Version 12.00
# Visual Studio Version 17
VisualStudioVersion = 17.8.34525.116
MinimumVisualStudioVersion = 10.0.40219.1
Project("{FAE04EC0-301F-11D3-BF4B-00C04F79EFBC}") = "BookLib_Auth&Mapp&NF", "BookLib_Auth&Mapp&NF\BookLib_Auth&Mapp&NF.csproj", "{210AEAD9-BEDB-40E0-ABC7-AF8793D21DDE}"
EndProject
Global
	GlobalSection(SolutionConfigurationPlatforms) = preSolution
		Debug|Any CPU = Debug|Any CPU
		Release|Any CPU = Release|Any CPU
	EndGlobalSection
	GlobalSection(ProjectConfigurationPlatforms) = postSolution
		{210AEAD9-BEDB-40E0-ABC7-AF8793D21DDE}.Debug|Any CPU.ActiveCfg = Debug|Any CPU
		{210AEAD9-BEDB-40E0-ABC7-AF8793D21DDE}.Debug|Any CPU.Build.0 = Debug|Any CPU
		{210AEAD9-BEDB-40E0-ABC7-AF8793D21DDE}.Release|Any CPU.ActiveCfg = Release|Any CPU
		{210AEAD9-BEDB-40E0-ABC7-AF8793D21DDE}.Release|Any CPU.Build.0 = Release|Any CPU
	EndGlobalSection
	GlobalSection(SolutionProperties) = preSolution
		HideSolutionNode = FALSE
	EndGlobalSection
	GlobalSection(ExtensibilityGlobals) = postSolution
		SolutionGuid = {7742DAD4-F24D-4B97-B34D-D0ADFA7407CD}
	EndGlobalSection
EndGlobal
